{
  "lockfileVersion": 1,
  "configVersion": 1,
  "workspaces": {
    "": {
      "name": "cloudflare-smtp",
      "devDependencies": {
        "@cloudflare/workers-types": "^4.20260214.0",
        "typescript": "^5.9.3",
      },
    },
  },
  "packages": {
    "@cloudflare/workers-types": ["@cloudflare/workers-types@4.20260426.1", "", {}, "sha512-cBYeQaWwv/jFV8ualmwp6wIxmAf0rDe2DPPQwPbslKmPHqgv861YpAvm45r05K40QboZgxNQVIPgNkmtHqZeJQ=="],

    "typescript": ["typescript@5.9.3", "", { "bin": { "tsc": "bin/tsc", "tsserver": "bin/tsserver" } }, "sha512-jl1vZzPDinLr9eUt3J/t7V6FgNEw9QjvBPdysz9KfQDD41fQrC2Y4vKQdiaUpFT4bXlb1RHhLpp8wtm6M5TgSw=="],
  }
}
